%{
  "brod": {:hex, :brod, "4.5.7", "6218e474e8e74506c89bc9389f5bedaa052b912c5fcb48a5b96e386524d65141", [:cmake, :rebar3], [{:kafka_protocol, "4.3.4", [hex: :kafka_protocol, repo: "hexpm", optional: false]}], "hexpm", "924501f451a84e1c6365c5e1c6dccc963896a50a5ad96fda06bcf780f18f8f10"},
  "crc32cer": {:hex, :crc32cer, "1.1.3", "da59f0ddd08f56d9a34186026c0b315cbc02ca390cf8cb15b045f10fb7dcc306", [:rebar3], [], "hexpm", "09c8b567b7be6bf43066185341ec0798eca7dbb66a6ab062ad0e2b25860d7ca1"},
  "kafka_protocol": {:hex, :kafka_protocol, "4.3.4", "a641333ac8732071dc289eca9afb88d1abf6fb7b160b95b9a48b5deffeccf189", [:rebar3], [{:crc32cer, "1.1.3", [hex: :crc32cer, repo: "hexpm", optional: false]}], "hexpm", "2272cee16a7046ebdcaf7440e5cca0ce87110e691c2720e07dfcce2e2e652c04"},
  "telemetry": {:hex, :telemetry, "1.4.2", "a0cb522801dffb1c49fe6e30561badffc7b6d0e180db1300df759faa22062855", [:rebar3], [], "hexpm", "928f6495066506077862c0d1646609eed891a4326bee3126ba54b60af61febb1"},
  "telemetry_registry": {:hex, :telemetry_registry, "0.3.2", "701576890320be6428189bff963e865e8f23e0ff3615eade8f78662be0fc003c", [:mix, :rebar3], [{:telemetry, "~> 1.0", [hex: :telemetry, repo: "hexpm", optional: false]}], "hexpm", "e7ed191eb1d115a3034af8e1e35e4e63d5348851d556646d46ca3d1b4e16bab9"},
  "uuid_v7": {:hex, :uuid_v7, "0.6.0", "1d65727ade8ca619ed40fdef90c4186b50c84657d2b412f7cb79777ab2d47559", [:mix], [{:ecto, "~> 3.0", [hex: :ecto, repo: "hexpm", optional: true]}], "hexpm", "1dc401134e61da847a7b2a3b28d2593893f457b9f2704893b1ba3ff7946ce91f"},
}
