%{
  "connection": {:hex, :connection, "1.1.0", "ff2a49c4b75b6fb3e674bfc5536451607270aac754ffd1bdfe175abe4a6d7a68", [:mix], [], "hexpm", "722c1eb0a418fbe91ba7bd59a47e28008a189d47e37e0e7bb85585a016b2869c"},
  "crc32cer": {:hex, :crc32cer, "1.1.4", "a68db8211c672a8b9aae2eaba8054b87758230ab0c0fdaec98c3fa84da27436d", [:rebar3], [], "hexpm", "c3ef862a426e5f90af8518dc8b327bdd1d1d32b7ca58fb8025103d826d710837"},
  "kafka_ex": {:hex, :kafka_ex, "1.1.1", "eaad2f852049d2a0b1b1bcb49dda005845ad7d7c565de2e08fb778a85c88f6b9", [:mix], [{:aws_credentials, "~> 1.0", [hex: :aws_credentials, repo: "hexpm", optional: true]}, {:aws_signature, "~> 0.4.2", [hex: :aws_signature, repo: "hexpm", optional: true]}, {:ezstd, "~> 1.0", [hex: :ezstd, repo: "hexpm", optional: true]}, {:jason, "~> 1.0", [hex: :jason, repo: "hexpm", optional: true]}, {:kayrock, "~> 1.0", [hex: :kayrock, repo: "hexpm", optional: false]}, {:lz4b, "~> 0.0.13", [hex: :lz4b, repo: "hexpm", optional: true]}, {:snappyer, "~> 1.2", [hex: :snappyer, repo: "hexpm", optional: true]}, {:telemetry, "~> 1.2", [hex: :telemetry, repo: "hexpm", optional: false]}], "hexpm", "886d1ce93e78ac671a9bd5d64762f0a03f2d9843b7b77ca9bbbc5fa298ff2c0f"},
  "kayrock": {:hex, :kayrock, "1.0.0", "23dc406938e8f67d0a57bbcbc74917b4e59f212447c7a5af44534d42e50424a8", [:mix], [{:connection, "~> 1.1", [hex: :connection, repo: "hexpm", optional: false]}, {:crc32cer, "~> 1.1.0", [hex: :crc32cer, repo: "hexpm", optional: false]}, {:ezstd, "~> 1.0", [hex: :ezstd, repo: "hexpm", optional: true]}, {:lz4b, "~> 0.0.13", [hex: :lz4b, repo: "hexpm", optional: true]}, {:snappyer, "~> 1.2", [hex: :snappyer, repo: "hexpm", optional: true]}, {:varint, "~> 1.2", [hex: :varint, repo: "hexpm", optional: false]}], "hexpm", "22faab2308cf4ba836b8787ab05d64763daa0f7a44351881b4260bb4861fdd56"},
  "telemetry": {:hex, :telemetry, "1.4.2", "a0cb522801dffb1c49fe6e30561badffc7b6d0e180db1300df759faa22062855", [:rebar3], [], "hexpm", "928f6495066506077862c0d1646609eed891a4326bee3126ba54b60af61febb1"},
  "telemetry_registry": {:hex, :telemetry_registry, "0.3.2", "701576890320be6428189bff963e865e8f23e0ff3615eade8f78662be0fc003c", [:mix, :rebar3], [{:telemetry, "~> 1.0", [hex: :telemetry, repo: "hexpm", optional: false]}], "hexpm", "e7ed191eb1d115a3034af8e1e35e4e63d5348851d556646d46ca3d1b4e16bab9"},
  "uuid_v7": {:hex, :uuid_v7, "0.6.0", "1d65727ade8ca619ed40fdef90c4186b50c84657d2b412f7cb79777ab2d47559", [:mix], [{:ecto, "~> 3.0", [hex: :ecto, repo: "hexpm", optional: true]}], "hexpm", "1dc401134e61da847a7b2a3b28d2593893f457b9f2704893b1ba3ff7946ce91f"},
  "varint": {:hex, :varint, "1.6.0", "7bced828599b2eb84491a9f067f8a5a67fc35a946d3b7582278083c7fd434b00", [:mix], [], "hexpm", "2b4f4a20650aeebe993a70b03bb99571bcbddc27c361322c28b586d8a772ce4e"},
}
